// !$*UTF8*$!
{
	archiveVersion = 1;
	classes = {
	};
	objectVersion = 50;
	objects = {

/* Begin PBXBuildFile section */
		832960DC7CC653331BB42251 /* libPods-UCNetworkingDemo.a in Frameworks */ = {isa = PBXBuildFile; fileRef = BF4B1439B16D2CB6181F472A /* libPods-UCNetworkingDemo.a */; };
		A643E12220CFCD2B006D7BE9 /* AppDelegate.m in Sources */ = {isa = PBXBuildFile; fileRef = A643E12120CFCD2B006D7BE9 /* AppDelegate.m */; };
		A643E12520CFCD2B006D7BE9 /* ViewController.m in Sources */ = {isa = PBXBuildFile; fileRef = A643E12420CFCD2B006D7BE9 /* ViewController.m */; };
		A643E12820CFCD2B006D7BE9 /* Main.storyboard in Resources */ = {isa = PBXBuildFile; fileRef = A643E12620CFCD2B006D7BE9 /* Main.storyboard */; };
		A643E12A20CFCD2D006D7BE9 /* Assets.xcassets in Resources */ = {isa = PBXBuildFile; fileRef = A643E12920CFCD2D006D7BE9 /* Assets.xcassets */; };
		A643E12D20CFCD2D006D7BE9 /* LaunchScreen.storyboard in Resources */ = {isa = PBXBuildFile; fileRef = A643E12B20CFCD2D006D7BE9 /* LaunchScreen.storyboard */; };
		A643E13020CFCD2D006D7BE9 /* main.m in Sources */ = {isa = PBXBuildFile; fileRef = A643E12F20CFCD2D006D7BE9 /* main.m */; };
		A65BBB9B20D0ACF200C10B68 /* UCNetworkingManager.m in Sources */ = {isa = PBXBuildFile; fileRef = A65BBB9A20D0ACF200C10B68 /* UCNetworkingManager.m */; };
		A65BBBA220D0B33800C10B68 /* UCNetworkingUrlConfig.m in Sources */ = {isa = PBXBuildFile; fileRef = A65BBBA120D0B33800C10B68 /* UCNetworkingUrlConfig.m */; };
		A65BBBA520D0B8D400C10B68 /* UCBaseRequest.m in Sources */ = {isa = PBXBuildFile; fileRef = A65BBBA420D0B8D400C10B68 /* UCBaseRequest.m */; };
		A65BBBAE20D0BC6C00C10B68 /* UCPostRequest.m in Sources */ = {isa = PBXBuildFile; fileRef = A65BBBAD20D0BC6C00C10B68 /* UCPostRequest.m */; };
		A65BBBB120D0BF7300C10B68 /* UCGetRequest.m in Sources */ = {isa = PBXBuildFile; fileRef = A65BBBB020D0BF7300C10B68 /* UCGetRequest.m */; };
		A65BBBB420D0C4A500C10B68 /* UCCacheManager.m in Sources */ = {isa = PBXBuildFile; fileRef = A65BBBB320D0C4A500C10B68 /* UCCacheManager.m */; };
		A65BBBB720D109A100C10B68 /* UCParser.m in Sources */ = {isa = PBXBuildFile; fileRef = A65BBBB620D109A100C10B68 /* UCParser.m */; };
/* End PBXBuildFile section */

/* Begin PBXFileReference section */
		5154E45B238CA029E39B0EED /* Pods-UCNetworkingDemo.release.xcconfig */ = {isa = PBXFileReference; includeInIndex = 1; lastKnownFileType = text.xcconfig; name = "Pods-UCNetworkingDemo.release.xcconfig"; path = "Pods/Target Support Files/Pods-UCNetworkingDemo/Pods-UCNetworkingDemo.release.xcconfig"; sourceTree = "<group>"; };
		A643E11D20CFCD2B006D7BE9 /* UCNetworkingDemo.app */ = {isa = PBXFileReference; explicitFileType = wrapper.application; includeInIndex = 0; path = UCNetworkingDemo.app; sourceTree = BUILT_PRODUCTS_DIR; };
		A643E12020CFCD2B006D7BE9 /* AppDelegate.h */ = {isa = PBXFileReference; lastKnownFileType = sourcecode.c.h; path = AppDelegate.h; sourceTree = "<group>"; };
		A643E12120CFCD2B006D7BE9 /* AppDelegate.m */ = {isa = PBXFileReference; lastKnownFileType = sourcecode.c.objc; path = AppDelegate.m; sourceTree = "<group>"; };
		A643E12320CFCD2B006D7BE9 /* ViewController.h */ = {isa = PBXFileReference; lastKnownFileType = sourcecode.c.h; path = ViewController.h; sourceTree = "<group>"; };
		A643E12420CFCD2B006D7BE9 /* ViewController.m */ = {isa = PBXFileReference; lastKnownFileType = sourcecode.c.objc; path = ViewController.m; sourceTree = "<group>"; };
		A643E12720CFCD2B006D7BE9 /* Base */ = {isa = PBXFileReference; lastKnownFileType = file.storyboard; name = Base; path = Base.lproj/Main.storyboard; sourceTree = "<group>"; };
		A643E12920CFCD2D006D7BE9 /* Assets.xcassets */ = {isa = PBXFileReference; lastKnownFileType = folder.assetcatalog; path = Assets.xcassets; sourceTree = "<group>"; };
		A643E12C20CFCD2D006D7BE9 /* Base */ = {isa = PBXFileReference; lastKnownFileType = file.storyboard; name = Base; path = Base.lproj/LaunchScreen.storyboard; sourceTree = "<group>"; };
		A643E12E20CFCD2D006D7BE9 /* Info.plist */ = {isa = PBXFileReference; lastKnownFileType = text.plist.xml; path = Info.plist; sourceTree = "<group>"; };
		A643E12F20CFCD2D006D7BE9 /* main.m */ = {isa = PBXFileReference; lastKnownFileType = sourcecode.c.objc; path = main.m; sourceTree = "<group>"; };
		A65BBB9820D0AC5C00C10B68 /* UCNetworking.h */ = {isa = PBXFileReference; lastKnownFileType = sourcecode.c.h; path = UCNetworking.h; sourceTree = "<group>"; };
		A65BBB9920D0ACF200C10B68 /* UCNetworkingManager.h */ = {isa = PBXFileReference; lastKnownFileType = sourcecode.c.h; path = UCNetworkingManager.h; sourceTree = "<group>"; };
		A65BBB9A20D0ACF200C10B68 /* UCNetworkingManager.m */ = {isa = PBXFileReference; lastKnownFileType = sourcecode.c.objc; path = UCNetworkingManager.m; sourceTree = "<group>"; };
		A65BBB9F20D0B24400C10B68 /* UCNetworkingEnum.h */ = {isa = PBXFileReference; lastKnownFileType = sourcecode.c.h; path = UCNetworkingEnum.h; sourceTree = "<group>"; };
		A65BBBA020D0B33800C10B68 /* UCNetworkingUrlConfig.h */ = {isa = PBXFileReference; lastKnownFileType = sourcecode.c.h; path = UCNetworkingUrlConfig.h; sourceTree = "<group>"; };
		A65BBBA120D0B33800C10B68 /* UCNetworkingUrlConfig.m */ = {isa = PBXFileReference; lastKnownFileType = sourcecode.c.objc; path = UCNetworkingUrlConfig.m; sourceTree = "<group>"; };
		A65BBBA320D0B8D400C10B68 /* UCBaseRequest.h */ = {isa = PBXFileReference; lastKnownFileType = sourcecode.c.h; path = UCBaseRequest.h; sourceTree = "<group>"; };
		A65BBBA420D0B8D400C10B68 /* UCBaseRequest.m */ = {isa = PBXFileReference; lastKnownFileType = sourcecode.c.objc; path = UCBaseRequest.m; sourceTree = "<group>"; };
		A65BBBAC20D0BC6C00C10B68 /* UCPostRequest.h */ = {isa = PBXFileReference; lastKnownFileType = sourcecode.c.h; path = UCPostRequest.h; sourceTree = "<group>"; };
		A65BBBAD20D0BC6C00C10B68 /* UCPostRequest.m */ = {isa = PBXFileReference; lastKnownFileType = sourcecode.c.objc; path = UCPostRequest.m; sourceTree = "<group>"; };
		A65BBBAF20D0BF7300C10B68 /* UCGetRequest.h */ = {isa = PBXFileReference; lastKnownFileType = sourcecode.c.h; path = UCGetRequest.h; sourceTree = "<group>"; };
		A65BBBB020D0BF7300C10B68 /* UCGetRequest.m */ = {isa = PBXFileReference; lastKnownFileType = sourcecode.c.objc; path = UCGetRequest.m; sourceTree = "<group>"; };
		A65BBBB220D0C4A500C10B68 /* UCCacheManager.h */ = {isa = PBXFileReference; lastKnownFileType = sourcecode.c.h; path = UCCacheManager.h; sourceTree = "<group>"; };
		A65BBBB320D0C4A500C10B68 /* UCCacheManager.m */ = {isa = PBXFileReference; lastKnownFileType = sourcecode.c.objc; path = UCCacheManager.m; sourceTree = "<group>"; };
		A65BBBB520D109A100C10B68 /* UCParser.h */ = {isa = PBXFileReference; lastKnownFileType = sourcecode.c.h; path = UCParser.h; sourceTree = "<group>"; };
		A65BBBB620D109A100C10B68 /* UCParser.m */ = {isa = PBXFileReference; lastKnownFileType = sourcecode.c.objc; path = UCParser.m; sourceTree = "<group>"; };
		BF4B1439B16D2CB6181F472A /* libPods-UCNetworkingDemo.a */ = {isa = PBXFileReference; explicitFileType = archive.ar; includeInIndex = 0; path = "libPods-UCNetworkingDemo.a"; sourceTree = BUILT_PRODUCTS_DIR; };
		DD00775938644E93B35B62F7 /* Pods-UCNetworkingDemo.debug.xcconfig */ = {isa = PBXFileReference; includeInIndex = 1; lastKnownFileType = text.xcconfig; name = "Pods-UCNetworkingDemo.debug.xcconfig"; path = "Pods/Target Support Files/Pods-UCNetworkingDemo/Pods-UCNetworkingDemo.debug.xcconfig"; sourceTree = "<group>"; };
/* End PBXFileReference section */

/* Begin PBXFrameworksBuildPhase section */
		A643E11A20CFCD2B006D7BE9 /* Frameworks */ = {
			isa = PBXFrameworksBuildPhase;
			buildActionMask = 2147483647;
			files = (
				832960DC7CC653331BB42251 /* libPods-UCNetworkingDemo.a in Frameworks */,
			);
			runOnlyForDeploymentPostprocessing = 0;
		};
/* End PBXFrameworksBuildPhase section */

/* Begin PBXGroup section */
		A643E11420CFCD2B006D7BE9 = {
			isa = PBXGroup;
			children = (
				A643E11F20CFCD2B006D7BE9 /* UCNetworkingDemo */,
				A643E11E20CFCD2B006D7BE9 /* Products */,
				C1690B32FC0AC7BA4C679465 /* Pods */,
				E7EFAD3649838B097C149E9D /* Frameworks */,
			);
			sourceTree = "<group>";
		};
		A643E11E20CFCD2B006D7BE9 /* Products */ = {
			isa = PBXGroup;
			children = (
				A643E11D20CFCD2B006D7BE9 /* UCNetworkingDemo.app */,
			);
			name = Products;
			sourceTree = "<group>";
		};
		A643E11F20CFCD2B006D7BE9 /* UCNetworkingDemo */ = {
			isa = PBXGroup;
			children = (
				A65BBB9320D0AC4C00C10B68 /* UCNetworking */,
				A643E12020CFCD2B006D7BE9 /* AppDelegate.h */,
				A643E12120CFCD2B006D7BE9 /* AppDelegate.m */,
				A643E12320CFCD2B006D7BE9 /* ViewController.h */,
				A643E12420CFCD2B006D7BE9 /* ViewController.m */,
				A643E12620CFCD2B006D7BE9 /* Main.storyboard */,
				A643E12920CFCD2D006D7BE9 /* Assets.xcassets */,
				A643E12B20CFCD2D006D7BE9 /* LaunchScreen.storyboard */,
				A643E12E20CFCD2D006D7BE9 /* Info.plist */,
				A643E12F20CFCD2D006D7BE9 /* main.m */,
			);
			path = UCNetworkingDemo;
			sourceTree = "<group>";
		};
		A65BBB9320D0AC4C00C10B68 /* UCNetworking */ = {
			isa = PBXGroup;
			children = (
				A65BBB9820D0AC5C00C10B68 /* UCNetworking.h */,
				A65BBB9D20D0B21800C10B68 /* Config */,
				A65BBB9C20D0B21800C10B68 /* Protocol */,
				A65BBB9E20D0B21800C10B68 /* RespondobjParser */,
				A65BBB9420D0AC4C00C10B68 /* Cache */,
				A65BBB9520D0AC4C00C10B68 /* RequestObject */,
				A65BBB9620D0AC4C00C10B68 /* BaseObject */,
				A65BBB9720D0AC4C00C10B68 /* Manager */,
			);
			path = UCNetworking;
			sourceTree = "<group>";
		};
		A65BBB9420D0AC4C00C10B68 /* Cache */ = {
			isa = PBXGroup;
			children = (
				A65BBBB220D0C4A500C10B68 /* UCCacheManager.h */,
				A65BBBB320D0C4A500C10B68 /* UCCacheManager.m */,
			);
			path = Cache;
			sourceTree = "<group>";
		};
		A65BBB9520D0AC4C00C10B68 /* RequestObject */ = {
			isa = PBXGroup;
			children = (
				A65BBBAC20D0BC6C00C10B68 /* UCPostRequest.h */,
				A65BBBAD20D0BC6C00C10B68 /* UCPostRequest.m */,
				A65BBBAF20D0BF7300C10B68 /* UCGetRequest.h */,
				A65BBBB020D0BF7300C10B68 /* UCGetRequest.m */,
			);
			path = RequestObject;
			sourceTree = "<group>";
		};
		A65BBB9620D0AC4C00C10B68 /* BaseObject */ = {
			isa = PBXGroup;
			children = (
				A65BBBA320D0B8D400C10B68 /* UCBaseRequest.h */,
				A65BBBA420D0B8D400C10B68 /* UCBaseRequest.m */,
			);
			path = BaseObject;
			sourceTree = "<group>";
		};
		A65BBB9720D0AC4C00C10B68 /* Manager */ = {
			isa = PBXGroup;
			children = (
				A65BBB9920D0ACF200C10B68 /* UCNetworkingManager.h */,
				A65BBB9A20D0ACF200C10B68 /* UCNetworkingManager.m */,
			);
			path = Manager;
			sourceTree = "<group>";
		};
		A65BBB9C20D0B21800C10B68 /* Protocol */ = {
			isa = PBXGroup;
			children = (
			);
			path = Protocol;
			sourceTree = "<group>";
		};
		A65BBB9D20D0B21800C10B68 /* Config */ = {
			isa = PBXGroup;
			children = (
				A65BBB9F20D0B24400C10B68 /* UCNetworkingEnum.h */,
				A65BBBA020D0B33800C10B68 /* UCNetworkingUrlConfig.h */,
				A65BBBA120D0B33800C10B68 /* UCNetworkingUrlConfig.m */,
			);
			path = Config;
			sourceTree = "<group>";
		};
		A65BBB9E20D0B21800C10B68 /* RespondobjParser */ = {
			isa = PBXGroup;
			children = (
				A65BBBB520D109A100C10B68 /* UCParser.h */,
				A65BBBB620D109A100C10B68 /* UCParser.m */,
			);
			path = RespondobjParser;
			sourceTree = "<group>";
		};
		C1690B32FC0AC7BA4C679465 /* Pods */ = {
			isa = PBXGroup;
			children = (
				DD00775938644E93B35B62F7 /* Pods-UCNetworkingDemo.debug.xcconfig */,
				5154E45B238CA029E39B0EED /* Pods-UCNetworkingDemo.release.xcconfig */,
			);
			name = Pods;
			sourceTree = "<group>";
		};
		E7EFAD3649838B097C149E9D /* Frameworks */ = {
			isa = PBXGroup;
			children = (
				BF4B1439B16D2CB6181F472A /* libPods-UCNetworkingDemo.a */,
			);
			name = Frameworks;
			sourceTree = "<group>";
		};
/* End PBXGroup section */

/* Begin PBXNativeTarget section */
		A643E11C20CFCD2B006D7BE9 /* UCNetworkingDemo */ = {
			isa = PBXNativeTarget;
			buildConfigurationList = A643E13320CFCD2D006D7BE9 /* Build configuration list for PBXNativeTarget "UCNetworkingDemo" */;
			buildPhases = (
				55C428CC9D81C4B946F0BA3D /* [CP] Check Pods Manifest.lock */,
				A643E11920CFCD2B006D7BE9 /* Sources */,
				A643E11A20CFCD2B006D7BE9 /* Frameworks */,
				A643E11B20CFCD2B006D7BE9 /* Resources */,
			);
			buildRules = (
			);
			dependencies = (
			);
			name = UCNetworkingDemo;
			productName = UCNetworkingDemo;
			productReference = A643E11D20CFCD2B006D7BE9 /* UCNetworkingDemo.app */;
			productType = "com.apple.product-type.application";
		};
/* End PBXNativeTarget section */

/* Begin PBXProject section */
		A643E11520CFCD2B006D7BE9 /* Project object */ = {
			isa = PBXProject;
			attributes = {
				CLASSPREFIX = UC;
				LastUpgradeCheck = 0930;
				ORGANIZATIONNAME = RPGLiker;
				TargetAttributes = {
					A643E11C20CFCD2B006D7BE9 = {
						CreatedOnToolsVersion = 9.3;
					};
				};
			};
			buildConfigurationList = A643E11820CFCD2B006D7BE9 /* Build configuration list for PBXProject "UCNetworkingDemo" */;
			compatibilityVersion = "Xcode 9.3";
			developmentRegion = en;
			hasScannedForEncodings = 0;
			knownRegions = (
				en,
				Base,
			);
			mainGroup = A643E11420CFCD2B006D7BE9;
			productRefGroup = A643E11E20CFCD2B006D7BE9 /* Products */;
			projectDirPath = "";
			projectRoot = "";
			targets = (
				A643E11C20CFCD2B006D7BE9 /* UCNetworkingDemo */,
			);
		};
/* End PBXProject section */

/* Begin PBXResourcesBuildPhase section */
		A643E11B20CFCD2B006D7BE9 /* Resources */ = {
			isa = PBXResourcesBuildPhase;
			buildActionMask = 2147483647;
			files = (
				A643E12D20CFCD2D006D7BE9 /* LaunchScreen.storyboard in Resources */,
				A643E12A20CFCD2D006D7BE9 /* Assets.xcassets in Resources */,
				A643E12820CFCD2B006D7BE9 /* Main.storyboard in Resources */,
			);
			runOnlyForDeploymentPostprocessing = 0;
		};
/* End PBXResourcesBuildPhase section */

/* Begin PBXShellScriptBuildPhase section */
		55C428CC9D81C4B946F0BA3D /* [CP] Check Pods Manifest.lock */ = {
			isa = PBXShellScriptBuildPhase;
			buildActionMask = 2147483647;
			files = (
			);
			inputPaths = (
				"${PODS_PODFILE_DIR_PATH}/Podfile.lock",
				"${PODS_ROOT}/Manifest.lock",
			);
			name = "[CP] Check Pods Manifest.lock";
			outputPaths = (
				"$(DERIVED_FILE_DIR)/Pods-UCNetworkingDemo-checkManifestLockResult.txt",
			);
			runOnlyForDeploymentPostprocessing = 0;
			shellPath = /bin/sh;
			shellScript = "diff \"${PODS_PODFILE_DIR_PATH}/Podfile.lock\" \"${PODS_ROOT}/Manifest.lock\" > /dev/null\nif [ $? != 0 ] ; then\n    # print error to STDERR\n    echo \"error: The sandbox is not in sync with the Podfile.lock. Run 'pod install' or update your CocoaPods installation.\" >&2\n    exit 1\nfi\n# This output is used by Xcode 'outputs' to avoid re-running this script phase.\necho \"SUCCESS\" > \"${SCRIPT_OUTPUT_FILE_0}\"\n";
			showEnvVarsInLog = 0;
		};
/* End PBXShellScriptBuildPhase section */

/* Begin PBXSourcesBuildPhase section */
		A643E11920CFCD2B006D7BE9 /* Sources */ = {
			isa = PBXSourcesBuildPhase;
			buildActionMask = 2147483647;
			files = (
				A65BBBB720D109A100C10B68 /* UCParser.m in Sources */,
				A65BBBAE20D0BC6C00C10B68 /* UCPostRequest.m in Sources */,
				A643E12520CFCD2B006D7BE9 /* ViewController.m in Sources */,
				A65BBBB120D0BF7300C10B68 /* UCGetRequest.m in Sources */,
				A65BBBB420D0C4A500C10B68 /* UCCacheManager.m in Sources */,
				A643E13020CFCD2D006D7BE9 /* main.m in Sources */,
				A65BBBA220D0B33800C10B68 /* UCNetworkingUrlConfig.m in Sources */,
				A643E12220CFCD2B006D7BE9 /* AppDelegate.m in Sources */,
				A65BBBA520D0B8D400C10B68 /* UCBaseRequest.m in Sources */,
				A65BBB9B20D0ACF200C10B68 /* UCNetworkingManager.m in Sources */,
			);
			runOnlyForDeploymentPostprocessing = 0;
		};
/* End PBXSourcesBuildPhase section */

/* Begin PBXVariantGroup section */
		A643E12620CFCD2B006D7BE9 /* Main.storyboard */ = {
			isa = PBXVariantGroup;
			children = (
				A643E12720CFCD2B006D7BE9 /* Base */,
			);
			name = Main.storyboard;
			sourceTree = "<group>";
		};
		A643E12B20CFCD2D006D7BE9 /* LaunchScreen.storyboard */ = {
			isa = PBXVariantGroup;
			children = (
				A643E12C20CFCD2D006D7BE9 /* Base */,
			);
			name = LaunchScreen.storyboard;
			sourceTree = "<group>";
		};
/* End PBXVariantGroup section */

/* Begin XCBuildConfiguration section */
		A643E13120CFCD2D006D7BE9 /* Debug */ = {
			isa = XCBuildConfiguration;
			buildSettings = {
				ALWAYS_SEARCH_USER_PATHS = NO;
				CLANG_ANALYZER_NONNULL = YES;
				CLANG_ANALYZER_NUMBER_OBJECT_CONVERSION = YES_AGGRESSIVE;
				CLANG_CXX_LANGUAGE_STANDARD = "gnu++14";
				CLANG_CXX_LIBRARY = "libc++";
				CLANG_ENABLE_MODULES = YES;
				CLANG_ENABLE_OBJC_ARC = YES;
				CLANG_ENABLE_OBJC_WEAK = YES;
				CLANG_WARN_BLOCK_CAPTURE_AUTORELEASING = YES;
				CLANG_WARN_BOOL_CONVERSION = YES;
				CLANG_WARN_COMMA = YES;
				CLANG_WARN_CONSTANT_CONVERSION = YES;
				CLANG_WARN_DEPRECATED_OBJC_IMPLEMENTATIONS = YES;
				CLANG_WARN_DIRECT_OBJC_ISA_USAGE = YES_ERROR;
				CLANG_WARN_DOCUMENTATION_COMMENTS = YES;
				CLANG_WARN_EMPTY_BODY = YES;
				CLANG_WARN_ENUM_CONVERSION = YES;
				CLANG_WARN_INFINITE_RECURSION = YES;
				CLANG_WARN_INT_CONVERSION = YES;
				CLANG_WARN_NON_LITERAL_NULL_CONVERSION = YES;
				CLANG_WARN_OBJC_IMPLICIT_RETAIN_SELF = YES;
				CLANG_WARN_OBJC_LITERAL_CONVERSION = YES;
				CLANG_WARN_OBJC_ROOT_CLASS = YES_ERROR;
				CLANG_WARN_RANGE_LOOP_ANALYSIS = YES;
				CLANG_WARN_STRICT_PROTOTYPES = YES;
				CLANG_WARN_SUSPICIOUS_MOVE = YES;
				CLANG_WARN_UNGUARDED_AVAILABILITY = YES_AGGRESSIVE;
				CLANG_WARN_UNREACHABLE_CODE = YES;
				CLANG_WARN__DUPLICATE_METHOD_MATCH = YES;
				CODE_SIGN_IDENTITY = "iPhone Developer";
				COPY_PHASE_STRIP = NO;
				DEBUG_INFORMATION_FORMAT = dwarf;
				ENABLE_STRICT_OBJC_MSGSEND = YES;
				ENABLE_TESTABILITY = YES;
				GCC_C_LANGUAGE_STANDARD = gnu11;
				GCC_DYNAMIC_NO_PIC = NO;
				GCC_NO_COMMON_BLOCKS = YES;
				GCC_OPTIMIZATION_LEVEL = 0;
				GCC_PREPROCESSOR_DEFINITIONS = (
					"DEBUG=1",
					"$(inherited)",
				);
				GCC_WARN_64_TO_32_BIT_CONVERSION = YES;
				GCC_WARN_ABOUT_RETURN_TYPE = YES_ERROR;
				GCC_WARN_UNDECLARED_SELECTOR = YES;
				GCC_WARN_UNINITIALIZED_AUTOS = YES_AGGRESSIVE;
				GCC_WARN_UNUSED_FUNCTION = YES;
				GCC_WARN_UNUSED_VARIABLE = YES;
				IPHONEOS_DEPLOYMENT_TARGET = 11.3;
				MTL_ENABLE_DEBUG_INFO = YES;
				ONLY_ACTIVE_ARCH = YES;
				SDKROOT = iphoneos;
			};
			name = Debug;
		};
		A643E13220CFCD2D006D7BE9 /* Release */ = {
			isa = XCBuildConfiguration;
			buildSettings = {
				ALWAYS_SEARCH_USER_PATHS = NO;
				CLANG_ANALYZER_NONNULL = YES;
				CLANG_ANALYZER_NUMBER_OBJECT_CONVERSION = YES_AGGRESSIVE;
				CLANG_CXX_LANGUAGE_STANDARD = "gnu++14";
				CLANG_CXX_LIBRARY = "libc++";
				CLANG_ENABLE_MODULES = YES;
				CLANG_ENABLE_OBJC_ARC = YES;
				CLANG_ENABLE_OBJC_WEAK = YES;
				CLANG_WARN_BLOCK_CAPTURE_AUTORELEASING = YES;
				CLANG_WARN_BOOL_CONVERSION = YES;
				CLANG_WARN_COMMA = YES;
				CLANG_WARN_CONSTANT_CONVERSION = YES;
				CLANG_WARN_DEPRECATED_OBJC_IMPLEMENTATIONS = YES;
				CLANG_WARN_DIRECT_OBJC_ISA_USAGE = YES_ERROR;
				CLANG_WARN_DOCUMENTATION_COMMENTS = YES;
				CLANG_WARN_EMPTY_BODY = YES;
				CLANG_WARN_ENUM_CONVERSION = YES;
				CLANG_WARN_INFINITE_RECURSION = YES;
				CLANG_WARN_INT_CONVERSION = YES;
				CLANG_WARN_NON_LITERAL_NULL_CONVERSION = YES;
				CLANG_WARN_OBJC_IMPLICIT_RETAIN_SELF = YES;
				CLANG_WARN_OBJC_LITERAL_CONVERSION = YES;
				CLANG_WARN_OBJC_ROOT_CLASS = YES_ERROR;
				CLANG_WARN_RANGE_LOOP_ANALYSIS = YES;
				CLANG_WARN_STRICT_PROTOTYPES = YES;
				CLANG_WARN_SUSPICIOUS_MOVE = YES;
				CLANG_WARN_UNGUARDED_AVAILABILITY = YES_AGGRESSIVE;
				CLANG_WARN_UNREACHABLE_CODE = YES;
				CLANG_WARN__DUPLICATE_METHOD_MATCH = YES;
				CODE_SIGN_IDENTITY = "iPhone Developer";
				COPY_PHASE_STRIP = NO;
				DEBUG_INFORMATION_FORMAT = "dwarf-with-dsym";
				ENABLE_NS_ASSERTIONS = NO;
				ENABLE_STRICT_OBJC_MSGSEND = YES;
				GCC_C_LANGUAGE_STANDARD = gnu11;
				GCC_NO_COMMON_BLOCKS = YES;
				GCC_WARN_64_TO_32_BIT_CONVERSION = YES;
				GCC_WARN_ABOUT_RETURN_TYPE = YES_ERROR;
				GCC_WARN_UNDECLARED_SELECTOR = YES;
				GCC_WARN_UNINITIALIZED_AUTOS = YES_AGGRESSIVE;
				GCC_WARN_UNUSED_FUNCTION = YES;
				GCC_WARN_UNUSED_VARIABLE = YES;
				IPHONEOS_DEPLOYMENT_TARGET = 11.3;
				MTL_ENABLE_DEBUG_INFO = NO;
				SDKROOT = iphoneos;
				VALIDATE_PRODUCT = YES;
			};
			name = Release;
		};
		A643E13420CFCD2D006D7BE9 /* Debug */ = {
			isa = XCBuildConfiguration;
			baseConfigurationReference = DD00775938644E93B35B62F7 /* Pods-UCNetworkingDemo.debug.xcconfig */;
			buildSettings = {
				ASSETCATALOG_COMPILER_APPICON_NAME = AppIcon;
				CODE_SIGN_STYLE = Automatic;
				INFOPLIST_FILE = UCNetworkingDemo/Info.plist;
				LD_RUNPATH_SEARCH_PATHS = (
					"$(inherited)",
					"@executable_path/Frameworks",
				);
				PRODUCT_BUNDLE_IDENTIFIER = RPGLiker.UCNetworkingDemo;
				PRODUCT_NAME = "$(TARGET_NAME)";
				TARGETED_DEVICE_FAMILY = "1,2";
			};
			name = Debug;
		};
		A643E13520CFCD2D006D7BE9 /* Release */ = {
			isa = XCBuildConfiguration;
			baseConfigurationReference = 5154E45B238CA029E39B0EED /* Pods-UCNetworkingDemo.release.xcconfig */;
			buildSettings = {
				ASSETCATALOG_COMPILER_APPICON_NAME = AppIcon;
				CODE_SIGN_STYLE = Automatic;
				INFOPLIST_FILE = UCNetworkingDemo/Info.plist;
				LD_RUNPATH_SEARCH_PATHS = (
					"$(inherited)",
					"@executable_path/Frameworks",
				);
				PRODUCT_BUNDLE_IDENTIFIER = RPGLiker.UCNetworkingDemo;
				PRODUCT_NAME = "$(TARGET_NAME)";
				TARGETED_DEVICE_FAMILY = "1,2";
			};
			name = Release;
		};
/* End XCBuildConfiguration section */

/* Begin XCConfigurationList section */
		A643E11820CFCD2B006D7BE9 /* Build configuration list for PBXProject "UCNetworkingDemo" */ = {
			isa = XCConfigurationList;
			buildConfigurations = (
				A643E13120CFCD2D006D7BE9 /* Debug */,
				A643E13220CFCD2D006D7BE9 /* Release */,
			);
			defaultConfigurationIsVisible = 0;
			defaultConfigurationName = Release;
		};
		A643E13320CFCD2D006D7BE9 /* Build configuration list for PBXNativeTarget "UCNetworkingDemo" */ = {
			isa = XCConfigurationList;
			buildConfigurations = (
				A643E13420CFCD2D006D7BE9 /* Debug */,
				A643E13520CFCD2D006D7BE9 /* Release */,
			);
			defaultConfigurationIsVisible = 0;
			defaultConfigurationName = Release;
		};
/* End XCConfigurationList section */
	};
	rootObject = A643E11520CFCD2B006D7BE9 /* Project object */;
}
